// !$*UTF8*$!
{
	archiveVersion = 1;
	classes = {
	};
	objectVersion = 46;
	objects = {

/* Begin PBXBuildFile section */
		91925FD719A8FCC3008EE0D3 /* Foundation.framework in Frameworks */ = {isa = PBXBuildFile; fileRef = 91925FD619A8FCC3008EE0D3 /* Foundation.framework */; };
		91925FD919A8FCC3008EE0D3 /* CoreGraphics.framework in Frameworks */ = {isa = PBXBuildFile; fileRef = 91925FD819A8FCC3008EE0D3 /* CoreGraphics.framework */; };
		91925FDB19A8FCC3008EE0D3 /* UIKit.framework in Frameworks */ = {isa = PBXBuildFile; fileRef = 91925FDA19A8FCC3008EE0D3 /* UIKit.framework */; };
		91925FE119A8FCC3008EE0D3 /* InfoPlist.strings in Resources */ = {isa = PBXBuildFile; fileRef = 91925FDF19A8FCC3008EE0D3 /* InfoPlist.strings */; };
		91925FE319A8FCC3008EE0D3 /* main.m in Sources */ = {isa = PBXBuildFile; fileRef = 91925FE219A8FCC3008EE0D3 /* main.m */; };
		91925FE719A8FCC3008EE0D3 /* BBHAppDelegate.m in Sources */ = {isa = PBXBuildFile; fileRef = 91925FE619A8FCC3008EE0D3 /* BBHAppDelegate.m */; };
		91925FE919A8FCC3008EE0D3 /* Images.xcassets in Resources */ = {isa = PBXBuildFile; fileRef = 91925FE819A8FCC3008EE0D3 /* Images.xcassets */; };
		91925FF019A8FCC3008EE0D3 /* XCTest.framework in Frameworks */ = {isa = PBXBuildFile; fileRef = 91925FEF19A8FCC3008EE0D3 /* XCTest.framework */; };
		91925FF119A8FCC3008EE0D3 /* Foundation.framework in Frameworks */ = {isa = PBXBuildFile; fileRef = 91925FD619A8FCC3008EE0D3 /* Foundation.framework */; };
		91925FF219A8FCC3008EE0D3 /* UIKit.framework in Frameworks */ = {isa = PBXBuildFile; fileRef = 91925FDA19A8FCC3008EE0D3 /* UIKit.framework */; };
		91925FFA19A8FCC3008EE0D3 /* InfoPlist.strings in Resources */ = {isa = PBXBuildFile; fileRef = 91925FF819A8FCC3008EE0D3 /* InfoPlist.strings */; };
		91925FFC19A8FCC3008EE0D3 /* BabyByteHackTests.m in Sources */ = {isa = PBXBuildFile; fileRef = 91925FFB19A8FCC3008EE0D3 /* BabyByteHackTests.m */; };
		9192600719A8FCEB008EE0D3 /* BBHViewCircle.m in Sources */ = {isa = PBXBuildFile; fileRef = 9192600619A8FCEB008EE0D3 /* BBHViewCircle.m */; };
		9192600A19A9012F008EE0D3 /* BBHViewController.m in Sources */ = {isa = PBXBuildFile; fileRef = 9192600919A9012F008EE0D3 /* BBHViewController.m */; };
		9192600D19A90902008EE0D3 /* BBHBabyProfile.m in Sources */ = {isa = PBXBuildFile; fileRef = 9192600C19A90902008EE0D3 /* BBHBabyProfile.m */; };
		9192601019A9092C008EE0D3 /* BBHCollectionVC.m in Sources */ = {isa = PBXBuildFile; fileRef = 9192600F19A9092C008EE0D3 /* BBHCollectionVC.m */; };
		9192601919A91346008EE0D3 /* Unknown-1.jpeg in Resources */ = {isa = PBXBuildFile; fileRef = 9192601119A91346008EE0D3 /* Unknown-1.jpeg */; };
		9192601A19A91346008EE0D3 /* Unknown-2.jpeg in Resources */ = {isa = PBXBuildFile; fileRef = 9192601219A91346008EE0D3 /* Unknown-2.jpeg */; };
		9192601B19A91346008EE0D3 /* Unknown-3.jpeg in Resources */ = {isa = PBXBuildFile; fileRef = 9192601319A91346008EE0D3 /* Unknown-3.jpeg */; };
		9192601C19A91346008EE0D3 /* Unknown-4.jpeg in Resources */ = {isa = PBXBuildFile; fileRef = 9192601419A91346008EE0D3 /* Unknown-4.jpeg */; };
		9192601D19A91346008EE0D3 /* Unknown-5.jpeg in Resources */ = {isa = PBXBuildFile; fileRef = 9192601519A91346008EE0D3 /* Unknown-5.jpeg */; };
		9192601E19A91346008EE0D3 /* Unknown-6.jpeg in Resources */ = {isa = PBXBuildFile; fileRef = 9192601619A91346008EE0D3 /* Unknown-6.jpeg */; };
		9192601F19A91346008EE0D3 /* Unknown-7.jpeg in Resources */ = {isa = PBXBuildFile; fileRef = 9192601719A91346008EE0D3 /* Unknown-7.jpeg */; };
		9192602019A91346008EE0D3 /* Unknown.jpeg in Resources */ = {isa = PBXBuildFile; fileRef = 9192601819A91346008EE0D3 /* Unknown.jpeg */; };
		9192602319A91438008EE0D3 /* BBHCell.m in Sources */ = {isa = PBXBuildFile; fileRef = 9192602219A91438008EE0D3 /* BBHCell.m */; };
/* End PBXBuildFile section */

/* Begin PBXContainerItemProxy section */
		91925FF319A8FCC3008EE0D3 /* PBXContainerItemProxy */ = {
			isa = PBXContainerItemProxy;
			containerPortal = 91925FCB19A8FCC3008EE0D3 /* Project object */;
			proxyType = 1;
			remoteGlobalIDString = 91925FD219A8FCC3008EE0D3;
			remoteInfo = BabyByteHack;
		};
/* End PBXContainerItemProxy section */

/* Begin PBXFileReference section */
		91925FD319A8FCC3008EE0D3 /* BabyByteHack.app */ = {isa = PBXFileReference; explicitFileType = wrapper.application; includeInIndex = 0; path = BabyByteHack.app; sourceTree = BUILT_PRODUCTS_DIR; };
		91925FD619A8FCC3008EE0D3 /* Foundation.framework */ = {isa = PBXFileReference; lastKnownFileType = wrapper.framework; name = Foundation.framework; path = System/Library/Frameworks/Foundation.framework; sourceTree = SDKROOT; };
		91925FD819A8FCC3008EE0D3 /* CoreGraphics.framework */ = {isa = PBXFileReference; lastKnownFileType = wrapper.framework; name = CoreGraphics.framework; path = System/Library/Frameworks/CoreGraphics.framework; sourceTree = SDKROOT; };
		91925FDA19A8FCC3008EE0D3 /* UIKit.framework */ = {isa = PBXFileReference; lastKnownFileType = wrapper.framework; name = UIKit.framework; path = System/Library/Frameworks/UIKit.framework; sourceTree = SDKROOT; };
		91925FDE19A8FCC3008EE0D3 /* BabyByteHack-Info.plist */ = {isa = PBXFileReference; lastKnownFileType = text.plist.xml; path = "BabyByteHack-Info.plist"; sourceTree = "<group>"; };
		91925FE019A8FCC3008EE0D3 /* en */ = {isa = PBXFileReference; lastKnownFileType = text.plist.strings; name = en; path = en.lproj/InfoPlist.strings; sourceTree = "<group>"; };
		91925FE219A8FCC3008EE0D3 /* main.m */ = {isa = PBXFileReference; lastKnownFileType = sourcecode.c.objc; path = main.m; sourceTree = "<group>"; };
		91925FE419A8FCC3008EE0D3 /* BabyByteHack-Prefix.pch */ = {isa = PBXFileReference; lastKnownFileType = sourcecode.c.h; path = "BabyByteHack-Prefix.pch"; sourceTree = "<group>"; };
		91925FE519A8FCC3008EE0D3 /* BBHAppDelegate.h */ = {isa = PBXFileReference; lastKnownFileType = sourcecode.c.h; path = BBHAppDelegate.h; sourceTree = "<group>"; };
		91925FE619A8FCC3008EE0D3 /* BBHAppDelegate.m */ = {isa = PBXFileReference; lastKnownFileType = sourcecode.c.objc; path = BBHAppDelegate.m; sourceTree = "<group>"; };
		91925FE819A8FCC3008EE0D3 /* Images.xcassets */ = {isa = PBXFileReference; lastKnownFileType = folder.assetcatalog; path = Images.xcassets; sourceTree = "<group>"; };
		91925FEE19A8FCC3008EE0D3 /* BabyByteHackTests.xctest */ = {isa = PBXFileReference; explicitFileType = wrapper.cfbundle; includeInIndex = 0; path = BabyByteHackTests.xctest; sourceTree = BUILT_PRODUCTS_DIR; };
		91925FEF19A8FCC3008EE0D3 /* XCTest.framework */ = {isa = PBXFileReference; lastKnownFileType = wrapper.framework; name = XCTest.framework; path = Library/Frameworks/XCTest.framework; sourceTree = DEVELOPER_DIR; };
		91925FF719A8FCC3008EE0D3 /* BabyByteHackTests-Info.plist */ = {isa = PBXFileReference; lastKnownFileType = text.plist.xml; path = "BabyByteHackTests-Info.plist"; sourceTree = "<group>"; };
		91925FF919A8FCC3008EE0D3 /* en */ = {isa = PBXFileReference; lastKnownFileType = text.plist.strings; name = en; path = en.lproj/InfoPlist.strings; sourceTree = "<group>"; };
		91925FFB19A8FCC3008EE0D3 /* BabyByteHackTests.m */ = {isa = PBXFileReference; lastKnownFileType = sourcecode.c.objc; path = BabyByteHackTests.m; sourceTree = "<group>"; };
		9192600519A8FCEB008EE0D3 /* BBHViewCircle.h */ = {isa = PBXFileReference; fileEncoding = 4; lastKnownFileType = sourcecode.c.h; path = BBHViewCircle.h; sourceTree = "<group>"; };
		9192600619A8FCEB008EE0D3 /* BBHViewCircle.m */ = {isa = PBXFileReference; fileEncoding = 4; lastKnownFileType = sourcecode.c.objc; path = BBHViewCircle.m; sourceTree = "<group>"; };
		9192600819A9012F008EE0D3 /* BBHViewController.h */ = {isa = PBXFileReference; fileEncoding = 4; lastKnownFileType = sourcecode.c.h; path = BBHViewController.h; sourceTree = "<group>"; };
		9192600919A9012F008EE0D3 /* BBHViewController.m */ = {isa = PBXFileReference; fileEncoding = 4; lastKnownFileType = sourcecode.c.objc; path = BBHViewController.m; sourceTree = "<group>"; };
		9192600B19A90902008EE0D3 /* BBHBabyProfile.h */ = {isa = PBXFileReference; fileEncoding = 4; lastKnownFileType = sourcecode.c.h; path = BBHBabyProfile.h; sourceTree = "<group>"; };
		9192600C19A90902008EE0D3 /* BBHBabyProfile.m */ = {isa = PBXFileReference; fileEncoding = 4; lastKnownFileType = sourcecode.c.objc; path = BBHBabyProfile.m; sourceTree = "<group>"; };
		9192600E19A9092C008EE0D3 /* BBHCollectionVC.h */ = {isa = PBXFileReference; fileEncoding = 4; lastKnownFileType = sourcecode.c.h; path = BBHCollectionVC.h; sourceTree = "<group>"; };
		9192600F19A9092C008EE0D3 /* BBHCollectionVC.m */ = {isa = PBXFileReference; fileEncoding = 4; lastKnownFileType = sourcecode.c.objc; path = BBHCollectionVC.m; sourceTree = "<group>"; };
		9192601119A91346008EE0D3 /* Unknown-1.jpeg */ = {isa = PBXFileReference; lastKnownFileType = image.jpeg; path = "Unknown-1.jpeg"; sourceTree = "<group>"; };
		9192601219A91346008EE0D3 /* Unknown-2.jpeg */ = {isa = PBXFileReference; lastKnownFileType = image.jpeg; path = "Unknown-2.jpeg"; sourceTree = "<group>"; };
		9192601319A91346008EE0D3 /* Unknown-3.jpeg */ = {isa = PBXFileReference; lastKnownFileType = image.jpeg; path = "Unknown-3.jpeg"; sourceTree = "<group>"; };
		9192601419A91346008EE0D3 /* Unknown-4.jpeg */ = {isa = PBXFileReference; lastKnownFileType = image.jpeg; path = "Unknown-4.jpeg"; sourceTree = "<group>"; };
		9192601519A91346008EE0D3 /* Unknown-5.jpeg */ = {isa = PBXFileReference; lastKnownFileType = image.jpeg; path = "Unknown-5.jpeg"; sourceTree = "<group>"; };
		9192601619A91346008EE0D3 /* Unknown-6.jpeg */ = {isa = PBXFileReference; lastKnownFileType = image.jpeg; path = "Unknown-6.jpeg"; sourceTree = "<group>"; };
		9192601719A91346008EE0D3 /* Unknown-7.jpeg */ = {isa = PBXFileReference; lastKnownFileType = image.jpeg; path = "Unknown-7.jpeg"; sourceTree = "<group>"; };
		9192601819A91346008EE0D3 /* Unknown.jpeg */ = {isa = PBXFileReference; lastKnownFileType = image.jpeg; path = Unknown.jpeg; sourceTree = "<group>"; };
		9192602119A91438008EE0D3 /* BBHCell.h */ = {isa = PBXFileReference; fileEncoding = 4; lastKnownFileType = sourcecode.c.h; path = BBHCell.h; sourceTree = "<group>"; };
		9192602219A91438008EE0D3 /* BBHCell.m */ = {isa = PBXFileReference; fileEncoding = 4; lastKnownFileType = sourcecode.c.objc; path = BBHCell.m; sourceTree = "<group>"; };
/* End PBXFileReference section */

/* Begin PBXFrameworksBuildPhase section */
		91925FD019A8FCC3008EE0D3 /* Frameworks */ = {
			isa = PBXFrameworksBuildPhase;
			buildActionMask = 2147483647;
			files = (
				91925FD919A8FCC3008EE0D3 /* CoreGraphics.framework in Frameworks */,
				91925FDB19A8FCC3008EE0D3 /* UIKit.framework in Frameworks */,
				91925FD719A8FCC3008EE0D3 /* Foundation.framework in Frameworks */,
			);
			runOnlyForDeploymentPostprocessing = 0;
		};
		91925FEB19A8FCC3008EE0D3 /* Frameworks */ = {
			isa = PBXFrameworksBuildPhase;
			buildActionMask = 2147483647;
			files = (
				91925FF019A8FCC3008EE0D3 /* XCTest.framework in Frameworks */,
				91925FF219A8FCC3008EE0D3 /* UIKit.framework in Frameworks */,
				91925FF119A8FCC3008EE0D3 /* Foundation.framework in Frameworks */,
			);
			runOnlyForDeploymentPostprocessing = 0;
		};
/* End PBXFrameworksBuildPhase section */

/* Begin PBXGroup section */
		91925FCA19A8FCC3008EE0D3 = {
			isa = PBXGroup;
			children = (
				9192601119A91346008EE0D3 /* Unknown-1.jpeg */,
				9192601219A91346008EE0D3 /* Unknown-2.jpeg */,
				9192601319A91346008EE0D3 /* Unknown-3.jpeg */,
				9192601419A91346008EE0D3 /* Unknown-4.jpeg */,
				9192601519A91346008EE0D3 /* Unknown-5.jpeg */,
				9192601619A91346008EE0D3 /* Unknown-6.jpeg */,
				9192601719A91346008EE0D3 /* Unknown-7.jpeg */,
				9192601819A91346008EE0D3 /* Unknown.jpeg */,
				9192600E19A9092C008EE0D3 /* BBHCollectionVC.h */,
				9192600F19A9092C008EE0D3 /* BBHCollectionVC.m */,
				9192602119A91438008EE0D3 /* BBHCell.h */,
				9192602219A91438008EE0D3 /* BBHCell.m */,
				9192600B19A90902008EE0D3 /* BBHBabyProfile.h */,
				9192600C19A90902008EE0D3 /* BBHBabyProfile.m */,
				9192600819A9012F008EE0D3 /* BBHViewController.h */,
				9192600919A9012F008EE0D3 /* BBHViewController.m */,
				9192600519A8FCEB008EE0D3 /* BBHViewCircle.h */,
				9192600619A8FCEB008EE0D3 /* BBHViewCircle.m */,
				91925FDC19A8FCC3008EE0D3 /* BabyByteHack */,
				91925FF519A8FCC3008EE0D3 /* BabyByteHackTests */,
				91925FD519A8FCC3008EE0D3 /* Frameworks */,
				91925FD419A8FCC3008EE0D3 /* Products */,
			);
			sourceTree = "<group>";
		};
		91925FD419A8FCC3008EE0D3 /* Products */ = {
			isa = PBXGroup;
			children = (
				91925FD319A8FCC3008EE0D3 /* BabyByteHack.app */,
				91925FEE19A8FCC3008EE0D3 /* BabyByteHackTests.xctest */,
			);
			name = Products;
			sourceTree = "<group>";
		};
		91925FD519A8FCC3008EE0D3 /* Frameworks */ = {
			isa = PBXGroup;
			children = (
				91925FD619A8FCC3008EE0D3 /* Foundation.framework */,
				91925FD819A8FCC3008EE0D3 /* CoreGraphics.framework */,
				91925FDA19A8FCC3008EE0D3 /* UIKit.framework */,
				91925FEF19A8FCC3008EE0D3 /* XCTest.framework */,
			);
			name = Frameworks;
			sourceTree = "<group>";
		};
		91925FDC19A8FCC3008EE0D3 /* BabyByteHack */ = {
			isa = PBXGroup;
			children = (
				91925FE519A8FCC3008EE0D3 /* BBHAppDelegate.h */,
				91925FE619A8FCC3008EE0D3 /* BBHAppDelegate.m */,
				91925FE819A8FCC3008EE0D3 /* Images.xcassets */,
				91925FDD19A8FCC3008EE0D3 /* Supporting Files */,
			);
			path = BabyByteHack;
			sourceTree = "<group>";
		};
		91925FDD19A8FCC3008EE0D3 /* Supporting Files */ = {
			isa = PBXGroup;
			children = (
				91925FDE19A8FCC3008EE0D3 /* BabyByteHack-Info.plist */,
				91925FDF19A8FCC3008EE0D3 /* InfoPlist.strings */,
				91925FE219A8FCC3008EE0D3 /* main.m */,
				91925FE419A8FCC3008EE0D3 /* BabyByteHack-Prefix.pch */,
			);
			name = "Supporting Files";
			sourceTree = "<group>";
		};
		91925FF519A8FCC3008EE0D3 /* BabyByteHackTests */ = {
			isa = PBXGroup;
			children = (
				91925FFB19A8FCC3008EE0D3 /* BabyByteHackTests.m */,
				91925FF619A8FCC3008EE0D3 /* Supporting Files */,
			);
			path = BabyByteHackTests;
			sourceTree = "<group>";
		};
		91925FF619A8FCC3008EE0D3 /* Supporting Files */ = {
			isa = PBXGroup;
			children = (
				91925FF719A8FCC3008EE0D3 /* BabyByteHackTests-Info.plist */,
				91925FF819A8FCC3008EE0D3 /* InfoPlist.strings */,
			);
			name = "Supporting Files";
			sourceTree = "<group>";
		};
/* End PBXGroup section */

/* Begin PBXNativeTarget section */
		91925FD219A8FCC3008EE0D3 /* BabyByteHack */ = {
			isa = PBXNativeTarget;
			buildConfigurationList = 91925FFF19A8FCC3008EE0D3 /* Build configuration list for PBXNativeTarget "BabyByteHack" */;
			buildPhases = (
				91925FCF19A8FCC3008EE0D3 /* Sources */,
				91925FD019A8FCC3008EE0D3 /* Frameworks */,
				91925FD119A8FCC3008EE0D3 /* Resources */,
			);
			buildRules = (
			);
			dependencies = (
			);
			name = BabyByteHack;
			productName = BabyByteHack;
			productReference = 91925FD319A8FCC3008EE0D3 /* BabyByteHack.app */;
			productType = "com.apple.product-type.application";
		};
		91925FED19A8FCC3008EE0D3 /* BabyByteHackTests */ = {
			isa = PBXNativeTarget;
			buildConfigurationList = 9192600219A8FCC3008EE0D3 /* Build configuration list for PBXNativeTarget "BabyByteHackTests" */;
			buildPhases = (
				91925FEA19A8FCC3008EE0D3 /* Sources */,
				91925FEB19A8FCC3008EE0D3 /* Frameworks */,
				91925FEC19A8FCC3008EE0D3 /* Resources */,
			);
			buildRules = (
			);
			dependencies = (
				91925FF419A8FCC3008EE0D3 /* PBXTargetDependency */,
			);
			name = BabyByteHackTests;
			productName = BabyByteHackTests;
			productReference = 91925FEE19A8FCC3008EE0D3 /* BabyByteHackTests.xctest */;
			productType = "com.apple.product-type.bundle.unit-test";
		};
/* End PBXNativeTarget section */

/* Begin PBXProject section */
		91925FCB19A8FCC3008EE0D3 /* Project object */ = {
			isa = PBXProject;
			attributes = {
				CLASSPREFIX = BBH;
				LastUpgradeCheck = 0510;
				ORGANIZATIONNAME = Savitha;
				TargetAttributes = {
					91925FED19A8FCC3008EE0D3 = {
						TestTargetID = 91925FD219A8FCC3008EE0D3;
					};
				};
			};
			buildConfigurationList = 91925FCE19A8FCC3008EE0D3 /* Build configuration list for PBXProject "BabyByteHack" */;
			compatibilityVersion = "Xcode 3.2";
			developmentRegion = English;
			hasScannedForEncodings = 0;
			knownRegions = (
				en,
			);
			mainGroup = 91925FCA19A8FCC3008EE0D3;
			productRefGroup = 91925FD419A8FCC3008EE0D3 /* Products */;
			projectDirPath = "";
			projectRoot = "";
			targets = (
				91925FD219A8FCC3008EE0D3 /* BabyByteHack */,
				91925FED19A8FCC3008EE0D3 /* BabyByteHackTests */,
			);
		};
/* End PBXProject section */

/* Begin PBXResourcesBuildPhase section */
		91925FD119A8FCC3008EE0D3 /* Resources */ = {
			isa = PBXResourcesBuildPhase;
			buildActionMask = 2147483647;
			files = (
				91925FE119A8FCC3008EE0D3 /* InfoPlist.strings in Resources */,
				9192601A19A91346008EE0D3 /* Unknown-2.jpeg in Resources */,
				91925FE919A8FCC3008EE0D3 /* Images.xcassets in Resources */,
				9192601B19A91346008EE0D3 /* Unknown-3.jpeg in Resources */,
				9192602019A91346008EE0D3 /* Unknown.jpeg in Resources */,
				9192601D19A91346008EE0D3 /* Unknown-5.jpeg in Resources */,
				9192601F19A91346008EE0D3 /* Unknown-7.jpeg in Resources */,
				9192601E19A91346008EE0D3 /* Unknown-6.jpeg in Resources */,
				9192601919A91346008EE0D3 /* Unknown-1.jpeg in Resources */,
				9192601C19A91346008EE0D3 /* Unknown-4.jpeg in Resources */,
			);
			runOnlyForDeploymentPostprocessing = 0;
		};
		91925FEC19A8FCC3008EE0D3 /* Resources */ = {
			isa = PBXResourcesBuildPhase;
			buildActionMask = 2147483647;
			files = (
				91925FFA19A8FCC3008EE0D3 /* InfoPlist.strings in Resources */,
			);
			runOnlyForDeploymentPostprocessing = 0;
		};
/* End PBXResourcesBuildPhase section */

/* Begin PBXSourcesBuildPhase section */
		91925FCF19A8FCC3008EE0D3 /* Sources */ = {
			isa = PBXSourcesBuildPhase;
			buildActionMask = 2147483647;
			files = (
				91925FE319A8FCC3008EE0D3 /* main.m in Sources */,
				9192602319A91438008EE0D3 /* BBHCell.m in Sources */,
				9192600D19A90902008EE0D3 /* BBHBabyProfile.m in Sources */,
				9192601019A9092C008EE0D3 /* BBHCollectionVC.m in Sources */,
				9192600A19A9012F008EE0D3 /* BBHViewController.m in Sources */,
				9192600719A8FCEB008EE0D3 /* BBHViewCircle.m in Sources */,
				91925FE719A8FCC3008EE0D3 /* BBHAppDelegate.m in Sources */,
			);
			runOnlyForDeploymentPostprocessing = 0;
		};
		91925FEA19A8FCC3008EE0D3 /* Sources */ = {
			isa = PBXSourcesBuildPhase;
			buildActionMask = 2147483647;
			files = (
				91925FFC19A8FCC3008EE0D3 /* BabyByteHackTests.m in Sources */,
			);
			runOnlyForDeploymentPostprocessing = 0;
		};
/* End PBXSourcesBuildPhase section */

/* Begin PBXTargetDependency section */
		91925FF419A8FCC3008EE0D3 /* PBXTargetDependency */ = {
			isa = PBXTargetDependency;
			target = 91925FD219A8FCC3008EE0D3 /* BabyByteHack */;
			targetProxy = 91925FF319A8FCC3008EE0D3 /* PBXContainerItemProxy */;
		};
/* End PBXTargetDependency section */

/* Begin PBXVariantGroup section */
		91925FDF19A8FCC3008EE0D3 /* InfoPlist.strings */ = {
			isa = PBXVariantGroup;
			children = (
				91925FE019A8FCC3008EE0D3 /* en */,
			);
			name = InfoPlist.strings;
			sourceTree = "<group>";
		};
		91925FF819A8FCC3008EE0D3 /* InfoPlist.strings */ = {
			isa = PBXVariantGroup;
			children = (
				91925FF919A8FCC3008EE0D3 /* en */,
			);
			name = InfoPlist.strings;
			sourceTree = "<group>";
		};
/* End PBXVariantGroup section */

/* Begin XCBuildConfiguration section */
		91925FFD19A8FCC3008EE0D3 /* Debug */ = {
			isa = XCBuildConfiguration;
			buildSettings = {
				ALWAYS_SEARCH_USER_PATHS = NO;
				CLANG_CXX_LANGUAGE_STANDARD = "gnu++0x";
				CLANG_CXX_LIBRARY = "libc++";
				CLANG_ENABLE_MODULES = YES;
				CLANG_ENABLE_OBJC_ARC = YES;
				CLANG_WARN_BOOL_CONVERSION = YES;
				CLANG_WARN_CONSTANT_CONVERSION = YES;
				CLANG_WARN_DIRECT_OBJC_ISA_USAGE = YES_ERROR;
				CLANG_WARN_EMPTY_BODY = YES;
				CLANG_WARN_ENUM_CONVERSION = YES;
				CLANG_WARN_INT_CONVERSION = YES;
				CLANG_WARN_OBJC_ROOT_CLASS = YES_ERROR;
				CLANG_WARN__DUPLICATE_METHOD_MATCH = YES;
				"CODE_SIGN_IDENTITY[sdk=iphoneos*]" = "iPhone Developer";
				COPY_PHASE_STRIP = NO;
				GCC_C_LANGUAGE_STANDARD = gnu99;
				GCC_DYNAMIC_NO_PIC = NO;
				GCC_OPTIMIZATION_LEVEL = 0;
				GCC_PREPROCESSOR_DEFINITIONS = (
					"DEBUG=1",
					"$(inherited)",
				);
				GCC_SYMBOLS_PRIVATE_EXTERN = NO;
				GCC_WARN_64_TO_32_BIT_CONVERSION = YES;
				GCC_WARN_ABOUT_RETURN_TYPE = YES_ERROR;
				GCC_WARN_UNDECLARED_SELECTOR = YES;
				GCC_WARN_UNINITIALIZED_AUTOS = YES_AGGRESSIVE;
				GCC_WARN_UNUSED_FUNCTION = YES;
				GCC_WARN_UNUSED_VARIABLE = YES;
				IPHONEOS_DEPLOYMENT_TARGET = 7.1;
				ONLY_ACTIVE_ARCH = YES;
				SDKROOT = iphoneos;
				TARGETED_DEVICE_FAMILY = "1,2";
			};
			name = Debug;
		};
		91925FFE19A8FCC3008EE0D3 /* Release */ = {
			isa = XCBuildConfiguration;
			buildSettings = {
				ALWAYS_SEARCH_USER_PATHS = NO;
				CLANG_CXX_LANGUAGE_STANDARD = "gnu++0x";
				CLANG_CXX_LIBRARY = "libc++";
				CLANG_ENABLE_MODULES = YES;
				CLANG_ENABLE_OBJC_ARC = YES;
				CLANG_WARN_BOOL_CONVERSION = YES;
				CLANG_WARN_CONSTANT_CONVERSION = YES;
				CLANG_WARN_DIRECT_OBJC_ISA_USAGE = YES_ERROR;
				CLANG_WARN_EMPTY_BODY = YES;
				CLANG_WARN_ENUM_CONVERSION = YES;
				CLANG_WARN_INT_CONVERSION = YES;
				CLANG_WARN_OBJC_ROOT_CLASS = YES_ERROR;
				CLANG_WARN__DUPLICATE_METHOD_MATCH = YES;
				"CODE_SIGN_IDENTITY[sdk=iphoneos*]" = "iPhone Developer";
				COPY_PHASE_STRIP = YES;
				ENABLE_NS_ASSERTIONS = NO;
				GCC_C_LANGUAGE_STANDARD = gnu99;
				GCC_WARN_64_TO_32_BIT_CONVERSION = YES;
				GCC_WARN_ABOUT_RETURN_TYPE = YES_ERROR;
				GCC_WARN_UNDECLARED_SELECTOR = YES;
				GCC_WARN_UNINITIALIZED_AUTOS = YES_AGGRESSIVE;
				GCC_WARN_UNUSED_FUNCTION = YES;
				GCC_WARN_UNUSED_VARIABLE = YES;
				IPHONEOS_DEPLOYMENT_TARGET = 7.1;
				SDKROOT = iphoneos;
				TARGETED_DEVICE_FAMILY = "1,2";
				VALIDATE_PRODUCT = YES;
			};
			name = Release;
		};
		9192600019A8FCC3008EE0D3 /* Debug */ = {
			isa = XCBuildConfiguration;
			buildSettings = {
				ASSETCATALOG_COMPILER_APPICON_NAME = AppIcon;
				ASSETCATALOG_COMPILER_LAUNCHIMAGE_NAME = LaunchImage;
				GCC_PRECOMPILE_PREFIX_HEADER = YES;
				GCC_PREFIX_HEADER = "BabyByteHack/BabyByteHack-Prefix.pch";
				INFOPLIST_FILE = "BabyByteHack/BabyByteHack-Info.plist";
				PRODUCT_NAME = "$(TARGET_NAME)";
				WRAPPER_EXTENSION = app;
			};
			name = Debug;
		};
		9192600119A8FCC3008EE0D3 /* Release */ = {
			isa = XCBuildConfiguration;
			buildSettings = {
				ASSETCATALOG_COMPILER_APPICON_NAME = AppIcon;
				ASSETCATALOG_COMPILER_LAUNCHIMAGE_NAME = LaunchImage;
				GCC_PRECOMPILE_PREFIX_HEADER = YES;
				GCC_PREFIX_HEADER = "BabyByteHack/BabyByteHack-Prefix.pch";
				INFOPLIST_FILE = "BabyByteHack/BabyByteHack-Info.plist";
				PRODUCT_NAME = "$(TARGET_NAME)";
				WRAPPER_EXTENSION = app;
			};
			name = Release;
		};
		9192600319A8FCC3008EE0D3 /* Debug */ = {
			isa = XCBuildConfiguration;
			buildSettings = {
				BUNDLE_LOADER = "$(BUILT_PRODUCTS_DIR)/BabyByteHack.app/BabyByteHack";
				FRAMEWORK_SEARCH_PATHS = (
					"$(SDKROOT)/Developer/Library/Frameworks",
					"$(inherited)",
					"$(DEVELOPER_FRAMEWORKS_DIR)",
				);
				GCC_PRECOMPILE_PREFIX_HEADER = YES;
				GCC_PREFIX_HEADER = "BabyByteHack/BabyByteHack-Prefix.pch";
				GCC_PREPROCESSOR_DEFINITIONS = (
					"DEBUG=1",
					"$(inherited)",
				);
				INFOPLIST_FILE = "BabyByteHackTests/BabyByteHackTests-Info.plist";
				PRODUCT_NAME = "$(TARGET_NAME)";
				TEST_HOST = "$(BUNDLE_LOADER)";
				WRAPPER_EXTENSION = xctest;
			};
			name = Debug;
		};
		9192600419A8FCC3008EE0D3 /* Release */ = {
			isa = XCBuildConfiguration;
			buildSettings = {
				BUNDLE_LOADER = "$(BUILT_PRODUCTS_DIR)/BabyByteHack.app/BabyByteHack";
				FRAMEWORK_SEARCH_PATHS = (
					"$(SDKROOT)/Developer/Library/Frameworks",
					"$(inherited)",
					"$(DEVELOPER_FRAMEWORKS_DIR)",
				);
				GCC_PRECOMPILE_PREFIX_HEADER = YES;
				GCC_PREFIX_HEADER = "BabyByteHack/BabyByteHack-Prefix.pch";
				INFOPLIST_FILE = "BabyByteHackTests/BabyByteHackTests-Info.plist";
				PRODUCT_NAME = "$(TARGET_NAME)";
				TEST_HOST = "$(BUNDLE_LOADER)";
				WRAPPER_EXTENSION = xctest;
			};
			name = Release;
		};
/* End XCBuildConfiguration section */

/* Begin XCConfigurationList section */
		91925FCE19A8FCC3008EE0D3 /* Build configuration list for PBXProject "BabyByteHack" */ = {
			isa = XCConfigurationList;
			buildConfigurations = (
				91925FFD19A8FCC3008EE0D3 /* Debug */,
				91925FFE19A8FCC3008EE0D3 /* Release */,
			);
			defaultConfigurationIsVisible = 0;
			defaultConfigurationName = Release;
		};
		91925FFF19A8FCC3008EE0D3 /* Build configuration list for PBXNativeTarget "BabyByteHack" */ = {
			isa = XCConfigurationList;
			buildConfigurations = (
				9192600019A8FCC3008EE0D3 /* Debug */,
				9192600119A8FCC3008EE0D3 /* Release */,
			);
			defaultConfigurationIsVisible = 0;
		};
		9192600219A8FCC3008EE0D3 /* Build configuration list for PBXNativeTarget "BabyByteHackTests" */ = {
			isa = XCConfigurationList;
			buildConfigurations = (
				9192600319A8FCC3008EE0D3 /* Debug */,
				9192600419A8FCC3008EE0D3 /* Release */,
			);
			defaultConfigurationIsVisible = 0;
		};
/* End XCConfigurationList section */
	};
	rootObject = 91925FCB19A8FCC3008EE0D3 /* Project object */;
}
